// !$*UTF8*$!
{
	archiveVersion = 1;
	classes = {
	};
	objectVersion = 46;
	objects = {

/* Begin PBXBuildFile section */
		2AA8693B1CA47290002648BC /* main.m in Sources */ = {isa = PBXBuildFile; fileRef = 2AA8693A1CA47290002648BC /* main.m */; };
		2AA8693E1CA47290002648BC /* AppDelegate.m in Sources */ = {isa = PBXBuildFile; fileRef = 2AA8693D1CA47290002648BC /* AppDelegate.m */; };
		2AA869411CA47290002648BC /* BanksViewController.m in Sources */ = {isa = PBXBuildFile; fileRef = 2AA869401CA47290002648BC /* BanksViewController.m */; };
		2AA869441CA47290002648BC /* Main.storyboard in Resources */ = {isa = PBXBuildFile; fileRef = 2AA869421CA47290002648BC /* Main.storyboard */; };
		2AA869461CA47290002648BC /* Assets.xcassets in Resources */ = {isa = PBXBuildFile; fileRef = 2AA869451CA47290002648BC /* Assets.xcassets */; };
		2AA869491CA47290002648BC /* LaunchScreen.storyboard in Resources */ = {isa = PBXBuildFile; fileRef = 2AA869471CA47290002648BC /* LaunchScreen.storyboard */; };
		2AA869571CA47478002648BC /* banklist.sqlite3 in Resources */ = {isa = PBXBuildFile; fileRef = 2AA869561CA47478002648BC /* banklist.sqlite3 */; };
		2AA8695B1CA477D2002648BC /* FailedBankInfo.m in Sources */ = {isa = PBXBuildFile; fileRef = 2AA8695A1CA477D2002648BC /* FailedBankInfo.m */; };
		2AA8695F1CA47CC0002648BC /* Db.m in Sources */ = {isa = PBXBuildFile; fileRef = 2AA8695E1CA47CC0002648BC /* Db.m */; };
		2AA869631CA49FB8002648BC /* DetailsViewController.m in Sources */ = {isa = PBXBuildFile; fileRef = 2AA869621CA49FB8002648BC /* DetailsViewController.m */; };
		2AA8696D1CA5310A002648BC /* libsqlcipher.a in Frameworks */ = {isa = PBXBuildFile; fileRef = 2AA8696A1CA52F88002648BC /* libsqlcipher.a */; };
/* End PBXBuildFile section */

/* Begin PBXContainerItemProxy section */
		2AA869691CA52F88002648BC /* PBXContainerItemProxy */ = {
			isa = PBXContainerItemProxy;
			containerPortal = 2AA869641CA52F87002648BC /* sqlcipher.xcodeproj */;
			proxyType = 2;
			remoteGlobalIDString = D2AAC046055464E500DB518D;
			remoteInfo = sqlcipher;
		};
		2AA8696B1CA530E0002648BC /* PBXContainerItemProxy */ = {
			isa = PBXContainerItemProxy;
			containerPortal = 2AA869641CA52F87002648BC /* sqlcipher.xcodeproj */;
			proxyType = 1;
			remoteGlobalIDString = D2AAC045055464E500DB518D;
			remoteInfo = sqlcipher;
		};
/* End PBXContainerItemProxy section */

/* Begin PBXFileReference section */
		2AA869361CA47290002648BC /* SQLiteSample.app */ = {isa = PBXFileReference; explicitFileType = wrapper.application; includeInIndex = 0; path = SQLiteSample.app; sourceTree = BUILT_PRODUCTS_DIR; };
		2AA8693A1CA47290002648BC /* main.m */ = {isa = PBXFileReference; lastKnownFileType = sourcecode.c.objc; path = main.m; sourceTree = "<group>"; };
		2AA8693C1CA47290002648BC /* AppDelegate.h */ = {isa = PBXFileReference; lastKnownFileType = sourcecode.c.h; path = AppDelegate.h; sourceTree = "<group>"; };
		2AA8693D1CA47290002648BC /* AppDelegate.m */ = {isa = PBXFileReference; lastKnownFileType = sourcecode.c.objc; path = AppDelegate.m; sourceTree = "<group>"; };
		2AA8693F1CA47290002648BC /* BanksViewController.h */ = {isa = PBXFileReference; lastKnownFileType = sourcecode.c.h; path = BanksViewController.h; sourceTree = "<group>"; };
		2AA869401CA47290002648BC /* BanksViewController.m */ = {isa = PBXFileReference; lastKnownFileType = sourcecode.c.objc; path = BanksViewController.m; sourceTree = "<group>"; };
		2AA869431CA47290002648BC /* Base */ = {isa = PBXFileReference; lastKnownFileType = file.storyboard; name = Base; path = Base.lproj/Main.storyboard; sourceTree = "<group>"; };
		2AA869451CA47290002648BC /* Assets.xcassets */ = {isa = PBXFileReference; lastKnownFileType = folder.assetcatalog; path = Assets.xcassets; sourceTree = "<group>"; };
		2AA869481CA47290002648BC /* Base */ = {isa = PBXFileReference; lastKnownFileType = file.storyboard; name = Base; path = Base.lproj/LaunchScreen.storyboard; sourceTree = "<group>"; };
		2AA8694A1CA47290002648BC /* Info.plist */ = {isa = PBXFileReference; lastKnownFileType = text.plist.xml; path = Info.plist; sourceTree = "<group>"; };
		2AA869501CA472FB002648BC /* libsqlite3.tbd */ = {isa = PBXFileReference; lastKnownFileType = "sourcecode.text-based-dylib-definition"; name = libsqlite3.tbd; path = usr/lib/libsqlite3.tbd; sourceTree = SDKROOT; };
		2AA869561CA47478002648BC /* banklist.sqlite3 */ = {isa = PBXFileReference; lastKnownFileType = file; path = banklist.sqlite3; sourceTree = "<group>"; };
		2AA869591CA477D2002648BC /* FailedBankInfo.h */ = {isa = PBXFileReference; fileEncoding = 4; lastKnownFileType = sourcecode.c.h; name = FailedBankInfo.h; path = SQLiteSample/FailedBankInfo.h; sourceTree = "<group>"; };
		2AA8695A1CA477D2002648BC /* FailedBankInfo.m */ = {isa = PBXFileReference; fileEncoding = 4; lastKnownFileType = sourcecode.c.objc; name = FailedBankInfo.m; path = SQLiteSample/FailedBankInfo.m; sourceTree = "<group>"; };
		2AA8695D1CA47CC0002648BC /* Db.h */ = {isa = PBXFileReference; fileEncoding = 4; lastKnownFileType = sourcecode.c.h; name = Db.h; path = SQLiteSample/Db.h; sourceTree = "<group>"; };
		2AA8695E1CA47CC0002648BC /* Db.m */ = {isa = PBXFileReference; fileEncoding = 4; lastKnownFileType = sourcecode.c.objc; name = Db.m; path = SQLiteSample/Db.m; sourceTree = "<group>"; };
		2AA869611CA49FB8002648BC /* DetailsViewController.h */ = {isa = PBXFileReference; fileEncoding = 4; lastKnownFileType = sourcecode.c.h; path = DetailsViewController.h; sourceTree = "<group>"; };
		2AA869621CA49FB8002648BC /* DetailsViewController.m */ = {isa = PBXFileReference; fileEncoding = 4; lastKnownFileType = sourcecode.c.objc; path = DetailsViewController.m; sourceTree = "<group>"; };
		2AA869641CA52F87002648BC /* sqlcipher.xcodeproj */ = {isa = PBXFileReference; lastKnownFileType = "wrapper.pb-project"; name = sqlcipher.xcodeproj; path = sqlcipher/sqlcipher.xcodeproj; sourceTree = "<group>"; };
/* End PBXFileReference section */

/* Begin PBXFrameworksBuildPhase section */
		2AA869331CA47290002648BC /* Frameworks */ = {
			isa = PBXFrameworksBuildPhase;
			buildActionMask = 2147483647;
			files = (
				2AA8696D1CA5310A002648BC /* libsqlcipher.a in Frameworks */,
			);
			runOnlyForDeploymentPostprocessing = 0;
		};
/* End PBXFrameworksBuildPhase section */

/* Begin PBXGroup section */
		2AA8692D1CA47290002648BC = {
			isa = PBXGroup;
			children = (
				2AA869641CA52F87002648BC /* sqlcipher.xcodeproj */,
				2AA869601CA49F96002648BC /* Views */,
				2AA8695C1CA47C68002648BC /* Database */,
				2AA869581CA477BC002648BC /* Models */,
				2AA869531CA473AA002648BC /* Resources */,
				2AA869521CA47393002648BC /* Frameworks */,
				2AA869381CA47290002648BC /* SQLiteSample */,
				2AA869371CA47290002648BC /* Products */,
			);
			sourceTree = "<group>";
		};
		2AA869371CA47290002648BC /* Products */ = {
			isa = PBXGroup;
			children = (
				2AA869361CA47290002648BC /* SQLiteSample.app */,
			);
			name = Products;
			sourceTree = "<group>";
		};
		2AA869381CA47290002648BC /* SQLiteSample */ = {
			isa = PBXGroup;
			children = (
				2AA8693C1CA47290002648BC /* AppDelegate.h */,
				2AA8693D1CA47290002648BC /* AppDelegate.m */,
				2AA8693F1CA47290002648BC /* BanksViewController.h */,
				2AA869401CA47290002648BC /* BanksViewController.m */,
				2AA869421CA47290002648BC /* Main.storyboard */,
				2AA869451CA47290002648BC /* Assets.xcassets */,
				2AA869471CA47290002648BC /* LaunchScreen.storyboard */,
				2AA8694A1CA47290002648BC /* Info.plist */,
				2AA869391CA47290002648BC /* Supporting Files */,
			);
			path = SQLiteSample;
			sourceTree = "<group>";
		};
		2AA869391CA47290002648BC /* Supporting Files */ = {
			isa = PBXGroup;
			children = (
				2AA8693A1CA47290002648BC /* main.m */,
			);
			name = "Supporting Files";
			sourceTree = "<group>";
		};
		2AA869521CA47393002648BC /* Frameworks */ = {
			isa = PBXGroup;
			children = (
				2AA869501CA472FB002648BC /* libsqlite3.tbd */,
			);
			name = Frameworks;
			sourceTree = "<group>";
		};
		2AA869531CA473AA002648BC /* Resources */ = {
			isa = PBXGroup;
			children = (
				2AA869561CA47478002648BC /* banklist.sqlite3 */,
			);
			name = Resources;
			sourceTree = "<group>";
		};
		2AA869581CA477BC002648BC /* Models */ = {
			isa = PBXGroup;
			children = (
				2AA869591CA477D2002648BC /* FailedBankInfo.h */,
				2AA8695A1CA477D2002648BC /* FailedBankInfo.m */,
			);
			name = Models;
			sourceTree = "<group>";
		};
		2AA8695C1CA47C68002648BC /* Database */ = {
			isa = PBXGroup;
			children = (
				2AA8695D1CA47CC0002648BC /* Db.h */,
				2AA8695E1CA47CC0002648BC /* Db.m */,
			);
			name = Database;
			sourceTree = "<group>";
		};
		2AA869601CA49F96002648BC /* Views */ = {
			isa = PBXGroup;
			children = (
				2AA869611CA49FB8002648BC /* DetailsViewController.h */,
				2AA869621CA49FB8002648BC /* DetailsViewController.m */,
			);
			name = Views;
			sourceTree = "<group>";
		};
		2AA869651CA52F87002648BC /* Products */ = {
			isa = PBXGroup;
			children = (
				2AA8696A1CA52F88002648BC /* libsqlcipher.a */,
			);
			name = Products;
			sourceTree = "<group>";
		};
/* End PBXGroup section */

/* Begin PBXNativeTarget section */
		2AA869351CA47290002648BC /* SQLiteSample */ = {
			isa = PBXNativeTarget;
			buildConfigurationList = 2AA8694D1CA47290002648BC /* Build configuration list for PBXNativeTarget "SQLiteSample" */;
			buildPhases = (
				2AA869321CA47290002648BC /* Sources */,
				2AA869331CA47290002648BC /* Frameworks */,
				2AA869341CA47290002648BC /* Resources */,
			);
			buildRules = (
			);
			dependencies = (
				2AA8696C1CA530E0002648BC /* PBXTargetDependency */,
			);
			name = SQLiteSample;
			productName = SQLiteSample;
			productReference = 2AA869361CA47290002648BC /* SQLiteSample.app */;
			productType = "com.apple.product-type.application";
		};
/* End PBXNativeTarget section */

/* Begin PBXProject section */
		2AA8692E1CA47290002648BC /* Project object */ = {
			isa = PBXProject;
			attributes = {
				LastUpgradeCheck = 0730;
				ORGANIZATIONNAME = "Constantine Mars";
				TargetAttributes = {
					2AA869351CA47290002648BC = {
						CreatedOnToolsVersion = 7.3;
					};
				};
			};
			buildConfigurationList = 2AA869311CA47290002648BC /* Build configuration list for PBXProject "SQLiteSample" */;
			compatibilityVersion = "Xcode 3.2";
			developmentRegion = English;
			hasScannedForEncodings = 0;
			knownRegions = (
				en,
				Base,
			);
			mainGroup = 2AA8692D1CA47290002648BC;
			productRefGroup = 2AA869371CA47290002648BC /* Products */;
			projectDirPath = "";
			projectReferences = (
				{
					ProductGroup = 2AA869651CA52F87002648BC /* Products */;
					ProjectRef = 2AA869641CA52F87002648BC /* sqlcipher.xcodeproj */;
				},
			);
			projectRoot = "";
			targets = (
				2AA869351CA47290002648BC /* SQLiteSample */,
			);
		};
/* End PBXProject section */

/* Begin PBXReferenceProxy section */
		2AA8696A1CA52F88002648BC /* libsqlcipher.a */ = {
			isa = PBXReferenceProxy;
			fileType = archive.ar;
			path = libsqlcipher.a;
			remoteRef = 2AA869691CA52F88002648BC /* PBXContainerItemProxy */;
			sourceTree = BUILT_PRODUCTS_DIR;
		};
/* End PBXReferenceProxy section */

/* Begin PBXResourcesBuildPhase section */
		2AA869341CA47290002648BC /* Resources */ = {
			isa = PBXResourcesBuildPhase;
			buildActionMask = 2147483647;
			files = (
				2AA869491CA47290002648BC /* LaunchScreen.storyboard in Resources */,
				2AA869461CA47290002648BC /* Assets.xcassets in Resources */,
				2AA869441CA47290002648BC /* Main.storyboard in Resources */,
				2AA869571CA47478002648BC /* banklist.sqlite3 in Resources */,
			);
			runOnlyForDeploymentPostprocessing = 0;
		};
/* End PBXResourcesBuildPhase section */

/* Begin PBXSourcesBuildPhase section */
		2AA869321CA47290002648BC /* Sources */ = {
			isa = PBXSourcesBuildPhase;
			buildActionMask = 2147483647;
			files = (
				2AA8695B1CA477D2002648BC /* FailedBankInfo.m in Sources */,
				2AA869411CA47290002648BC /* BanksViewController.m in Sources */,
				2AA8693E1CA47290002648BC /* AppDelegate.m in Sources */,
				2AA869631CA49FB8002648BC /* DetailsViewController.m in Sources */,
				2AA8693B1CA47290002648BC /* main.m in Sources */,
				2AA8695F1CA47CC0002648BC /* Db.m in Sources */,
			);
			runOnlyForDeploymentPostprocessing = 0;
		};
/* End PBXSourcesBuildPhase section */

/* Begin PBXTargetDependency section */
		2AA8696C1CA530E0002648BC /* PBXTargetDependency */ = {
			isa = PBXTargetDependency;
			name = sqlcipher;
			targetProxy = 2AA8696B1CA530E0002648BC /* PBXContainerItemProxy */;
		};
/* End PBXTargetDependency section */

/* Begin PBXVariantGroup section */
		2AA869421CA47290002648BC /* Main.storyboard */ = {
			isa = PBXVariantGroup;
			children = (
				2AA869431CA47290002648BC /* Base */,
			);
			name = Main.storyboard;
			sourceTree = "<group>";
		};
		2AA869471CA47290002648BC /* LaunchScreen.storyboard */ = {
			isa = PBXVariantGroup;
			children = (
				2AA869481CA47290002648BC /* Base */,
			);
			name = LaunchScreen.storyboard;
			sourceTree = "<group>";
		};
/* End PBXVariantGroup section */

/* Begin XCBuildConfiguration section */
		2AA8694B1CA47290002648BC /* Debug */ = {
			isa = XCBuildConfiguration;
			buildSettings = {
				ALWAYS_SEARCH_USER_PATHS = NO;
				CLANG_ANALYZER_NONNULL = YES;
				CLANG_CXX_LANGUAGE_STANDARD = "gnu++0x";
				CLANG_CXX_LIBRARY = "libc++";
				CLANG_ENABLE_MODULES = YES;
				CLANG_ENABLE_OBJC_ARC = YES;
				CLANG_WARN_BOOL_CONVERSION = YES;
				CLANG_WARN_CONSTANT_CONVERSION = YES;
				CLANG_WARN_DIRECT_OBJC_ISA_USAGE = YES_ERROR;
				CLANG_WARN_EMPTY_BODY = YES;
				CLANG_WARN_ENUM_CONVERSION = YES;
				CLANG_WARN_INT_CONVERSION = YES;
				CLANG_WARN_OBJC_ROOT_CLASS = YES_ERROR;
				CLANG_WARN_UNREACHABLE_CODE = YES;
				CLANG_WARN__DUPLICATE_METHOD_MATCH = YES;
				"CODE_SIGN_IDENTITY[sdk=iphoneos*]" = "iPhone Developer";
				COPY_PHASE_STRIP = NO;
				DEBUG_INFORMATION_FORMAT = dwarf;
				ENABLE_STRICT_OBJC_MSGSEND = YES;
				ENABLE_TESTABILITY = YES;
				GCC_C_LANGUAGE_STANDARD = gnu99;
				GCC_DYNAMIC_NO_PIC = NO;
				GCC_NO_COMMON_BLOCKS = YES;
				GCC_OPTIMIZATION_LEVEL = 0;
				GCC_PREPROCESSOR_DEFINITIONS = (
					"DEBUG=1",
					"$(inherited)",
				);
				GCC_WARN_64_TO_32_BIT_CONVERSION = YES;
				GCC_WARN_ABOUT_RETURN_TYPE = YES_ERROR;
				GCC_WARN_UNDECLARED_SELECTOR = YES;
				GCC_WARN_UNINITIALIZED_AUTOS = YES_AGGRESSIVE;
				GCC_WARN_UNUSED_FUNCTION = YES;
				GCC_WARN_UNUSED_VARIABLE = YES;
				IPHONEOS_DEPLOYMENT_TARGET = 9.3;
				MTL_ENABLE_DEBUG_INFO = YES;
				ONLY_ACTIVE_ARCH = YES;
				SDKROOT = iphoneos;
				TARGETED_DEVICE_FAMILY = "1,2";
			};
			name = Debug;
		};
		2AA8694C1CA47290002648BC /* Release */ = {
			isa = XCBuildConfiguration;
			buildSettings = {
				ALWAYS_SEARCH_USER_PATHS = NO;
				CLANG_ANALYZER_NONNULL = YES;
				CLANG_CXX_LANGUAGE_STANDARD = "gnu++0x";
				CLANG_CXX_LIBRARY = "libc++";
				CLANG_ENABLE_MODULES = YES;
				CLANG_ENABLE_OBJC_ARC = YES;
				CLANG_WARN_BOOL_CONVERSION = YES;
				CLANG_WARN_CONSTANT_CONVERSION = YES;
				CLANG_WARN_DIRECT_OBJC_ISA_USAGE = YES_ERROR;
				CLANG_WARN_EMPTY_BODY = YES;
				CLANG_WARN_ENUM_CONVERSION = YES;
				CLANG_WARN_INT_CONVERSION = YES;
				CLANG_WARN_OBJC_ROOT_CLASS = YES_ERROR;
				CLANG_WARN_UNREACHABLE_CODE = YES;
				CLANG_WARN__DUPLICATE_METHOD_MATCH = YES;
				"CODE_SIGN_IDENTITY[sdk=iphoneos*]" = "iPhone Developer";
				COPY_PHASE_STRIP = NO;
				DEBUG_INFORMATION_FORMAT = "dwarf-with-dsym";
				ENABLE_NS_ASSERTIONS = NO;
				ENABLE_STRICT_OBJC_MSGSEND = YES;
				GCC_C_LANGUAGE_STANDARD = gnu99;
				GCC_NO_COMMON_BLOCKS = YES;
				GCC_WARN_64_TO_32_BIT_CONVERSION = YES;
				GCC_WARN_ABOUT_RETURN_TYPE = YES_ERROR;
				GCC_WARN_UNDECLARED_SELECTOR = YES;
				GCC_WARN_UNINITIALIZED_AUTOS = YES_AGGRESSIVE;
				GCC_WARN_UNUSED_FUNCTION = YES;
				GCC_WARN_UNUSED_VARIABLE = YES;
				IPHONEOS_DEPLOYMENT_TARGET = 9.3;
				MTL_ENABLE_DEBUG_INFO = NO;
				SDKROOT = iphoneos;
				TARGETED_DEVICE_FAMILY = "1,2";
				VALIDATE_PRODUCT = YES;
			};
			name = Release;
		};
		2AA8694E1CA47290002648BC /* Debug */ = {
			isa = XCBuildConfiguration;
			buildSettings = {
				ASSETCATALOG_COMPILER_APPICON_NAME = AppIcon;
				HEADER_SEARCH_PATHS = ./sqlcipher/src;
				INFOPLIST_FILE = SQLiteSample/Info.plist;
				LD_RUNPATH_SEARCH_PATHS = "$(inherited) @executable_path/Frameworks";
				OTHER_CFLAGS = "-DSQLITE_HAS_CODEC";
				PRODUCT_BUNDLE_IDENTIFIER = cmars.SQLiteSample;
				PRODUCT_NAME = "$(TARGET_NAME)";
			};
			name = Debug;
		};
		2AA8694F1CA47290002648BC /* Release */ = {
			isa = XCBuildConfiguration;
			buildSettings = {
				ASSETCATALOG_COMPILER_APPICON_NAME = AppIcon;
				HEADER_SEARCH_PATHS = ./sqlcipher/src;
				INFOPLIST_FILE = SQLiteSample/Info.plist;
				LD_RUNPATH_SEARCH_PATHS = "$(inherited) @executable_path/Frameworks";
				OTHER_CFLAGS = "-DSQLITE_HAS_CODEC";
				PRODUCT_BUNDLE_IDENTIFIER = cmars.SQLiteSample;
				PRODUCT_NAME = "$(TARGET_NAME)";
			};
			name = Release;
		};
/* End XCBuildConfiguration section */

/* Begin XCConfigurationList section */
		2AA869311CA47290002648BC /* Build configuration list for PBXProject "SQLiteSample" */ = {
			isa = XCConfigurationList;
			buildConfigurations = (
				2AA8694B1CA47290002648BC /* Debug */,
				2AA8694C1CA47290002648BC /* Release */,
			);
			defaultConfigurationIsVisible = 0;
			defaultConfigurationName = Release;
		};
		2AA8694D1CA47290002648BC /* Build configuration list for PBXNativeTarget "SQLiteSample" */ = {
			isa = XCConfigurationList;
			buildConfigurations = (
				2AA8694E1CA47290002648BC /* Debug */,
				2AA8694F1CA47290002648BC /* Release */,
			);
			defaultConfigurationIsVisible = 0;
			defaultConfigurationName = Release;
		};
/* End XCConfigurationList section */
	};
	rootObject = 2AA8692E1CA47290002648BC /* Project object */;
}
